
Microsoft Visual Studio Solution File, Format Version 12.00
# Visual Studio 15
VisualStudioVersion = 15.0.27428.2037
MinimumVisualStudioVersion = 10.0.40219.1
Project("{8BC9CEB8-8B4A-11D0-8D11-00A0C91BC942}") = "Project4.0", "Project4.0\Project4.0.vcxproj", "{0C3BAD27-D208-4EF7-AA7D-35874FC390AC}"
EndProject
Global
	GlobalSection(SolutionConfigurationPlatforms) = preSolution
		Debug|x64 = Debug|x64
		Debug|x86 = Debug|x86
		Release|x64 = Release|x64
		Release|x86 = Release|x86
	EndGlobalSection
	GlobalSection(ProjectConfigurationPlatforms) = postSolution
		{0C3BAD27-D208-4EF7-AA7D-35874FC390AC}.Debug|x64.ActiveCfg = Debug|x64
		{0C3BAD27-D208-4EF7-AA7D-35874FC390AC}.Debug|x64.Build.0 = Debug|x64
		{0C3BAD27-D208-4EF7-AA7D-35874FC390AC}.Debug|x86.ActiveCfg = Debug|Win32
		{0C3BAD27-D208-4EF7-AA7D-35874FC390AC}.Debug|x86.Build.0 = Debug|Win32
		{0C3BAD27-D208-4EF7-AA7D-35874FC390AC}.Release|x64.ActiveCfg = Release|x64
		{0C3BAD27-D208-4EF7-AA7D-35874FC390AC}.Release|x64.Build.0 = Release|x64
		{0C3BAD27-D208-4EF7-AA7D-35874FC390AC}.Release|x86.ActiveCfg = Release|Win32
		{0C3BAD27-D208-4EF7-AA7D-35874FC390AC}.Release|x86.Build.0 = Release|Win32
	EndGlobalSection
	GlobalSection(SolutionProperties) = preSolution
		HideSolutionNode = FALSE
	EndGlobalSection
	GlobalSection(ExtensibilityGlobals) = postSolution
		SolutionGuid = {76A00D40-6EB2-4F92-98D2-D8ED59580774}
	EndGlobalSection
EndGlobal
